
Microsoft Visual Studio Solution File, Format Version 12.00
# Visual Studio 15
VisualStudioVersion = 15.0.28010.2019
MinimumVisualStudioVersion = 10.0.40219.1
Project("{8BC9CEB8-8B4A-11D0-8D11-00A0C91BC942}") = "ConsoleApplication3", "ConsoleApplication3\ConsoleApplication3.vcxproj", "{A3506961-6302-4490-B488-8B30DB14E181}"
EndProject
Global
	GlobalSection(SolutionConfigurationPlatforms) = preSolution
		Debug|x64 = Debug|x64
		Debug|x86 = Debug|x86
		Release|x64 = Release|x64
		Release|x86 = Release|x86
	EndGlobalSection
	GlobalSection(ProjectConfigurationPlatforms) = postSolution
		{A3506961-6302-4490-B488-8B30DB14E181}.Debug|x64.ActiveCfg = Debug|x64
		{A3506961-6302-4490-B488-8B30DB14E181}.Debug|x64.Build.0 = Debug|x64
		{A3506961-6302-4490-B488-8B30DB14E181}.Debug|x86.ActiveCfg = Debug|Win32
		{A3506961-6302-4490-B488-8B30DB14E181}.Debug|x86.Build.0 = Debug|Win32
		{A3506961-6302-4490-B488-8B30DB14E181}.Release|x64.ActiveCfg = Release|x64
		{A3506961-6302-4490-B488-8B30DB14E181}.Release|x64.Build.0 = Release|x64
		{A3506961-6302-4490-B488-8B30DB14E181}.Release|x86.ActiveCfg = Release|Win32
		{A3506961-6302-4490-B488-8B30DB14E181}.Release|x86.Build.0 = Release|Win32
	EndGlobalSection
	GlobalSection(SolutionProperties) = preSolution
		HideSolutionNode = FALSE
	EndGlobalSection
	GlobalSection(ExtensibilityGlobals) = postSolution
		SolutionGuid = {9C63A02F-6D77-4318-B87D-4FD993DD4BC3}
	EndGlobalSection
EndGlobal
