
Microsoft Visual Studio Solution File, Format Version 12.00
# Visual Studio 15
VisualStudioVersion = 15.0.28010.2019
MinimumVisualStudioVersion = 10.0.40219.1
Project("{8BC9CEB8-8B4A-11D0-8D11-00A0C91BC942}") = "1a", "1a\1a.vcxproj", "{B51D0964-662F-480C-914E-F8C898CED40A}"
EndProject
Project("{8BC9CEB8-8B4A-11D0-8D11-00A0C91BC942}") = "1c", "1c\1c.vcxproj", "{1AF6A6A2-629B-4318-8545-CDCEDA0B09B5}"
EndProject
Project("{8BC9CEB8-8B4A-11D0-8D11-00A0C91BC942}") = "1г", "1г\1г.vcxproj", "{69179409-3C8B-4EED-A7AC-FE32E3917EC0}"
EndProject
Project("{8BC9CEB8-8B4A-11D0-8D11-00A0C91BC942}") = "1д", "1д\1д.vcxproj", "{7368E7C8-A682-4825-90A5-5E0402B1BC72}"
EndProject
Project("{8BC9CEB8-8B4A-11D0-8D11-00A0C91BC942}") = "2А", "2А\2А.vcxproj", "{E404FBF0-FB99-4007-9F43-3A89A41B060B}"
EndProject
Project("{8BC9CEB8-8B4A-11D0-8D11-00A0C91BC942}") = "2a", "2a\2a.vcxproj", "{798FD6C1-5CA7-45EB-A52E-15F2B941B417}"
EndProject
Project("{8BC9CEB8-8B4A-11D0-8D11-00A0C91BC942}") = "3", "3\3.vcxproj", "{035CA3BA-1831-4225-941C-32C87B3F6226}"
EndProject
Project("{8BC9CEB8-8B4A-11D0-8D11-00A0C91BC942}") = "4", "4\4.vcxproj", "{829305E4-4D42-46DB-A60A-957CF3D27868}"
EndProject
Project("{8BC9CEB8-8B4A-11D0-8D11-00A0C91BC942}") = "6", "6\6.vcxproj", "{1B11CD71-56DF-4781-AC47-3BDA1DEA1D64}"
EndProject
Project("{8BC9CEB8-8B4A-11D0-8D11-00A0C91BC942}") = "5", "5\5.vcxproj", "{5A2BAC56-995B-480B-A413-2813E8712EEC}"
EndProject
Project("{8BC9CEB8-8B4A-11D0-8D11-00A0C91BC942}") = "7", "7\7.vcxproj", "{3E0BFA03-72B8-49A2-B8D8-04C83C2034BF}"
EndProject
Global
	GlobalSection(SolutionConfigurationPlatforms) = preSolution
		Debug|x64 = Debug|x64
		Debug|x86 = Debug|x86
		Release|x64 = Release|x64
		Release|x86 = Release|x86
	EndGlobalSection
	GlobalSection(ProjectConfigurationPlatforms) = postSolution
		{B51D0964-662F-480C-914E-F8C898CED40A}.Debug|x64.ActiveCfg = Debug|x64
		{B51D0964-662F-480C-914E-F8C898CED40A}.Debug|x64.Build.0 = Debug|x64
		{B51D0964-662F-480C-914E-F8C898CED40A}.Debug|x86.ActiveCfg = Debug|Win32
		{B51D0964-662F-480C-914E-F8C898CED40A}.Debug|x86.Build.0 = Debug|Win32
		{B51D0964-662F-480C-914E-F8C898CED40A}.Release|x64.ActiveCfg = Release|x64
		{B51D0964-662F-480C-914E-F8C898CED40A}.Release|x64.Build.0 = Release|x64
		{B51D0964-662F-480C-914E-F8C898CED40A}.Release|x86.ActiveCfg = Release|Win32
		{B51D0964-662F-480C-914E-F8C898CED40A}.Release|x86.Build.0 = Release|Win32
		{1AF6A6A2-629B-4318-8545-CDCEDA0B09B5}.Debug|x64.ActiveCfg = Debug|x64
		{1AF6A6A2-629B-4318-8545-CDCEDA0B09B5}.Debug|x64.Build.0 = Debug|x64
		{1AF6A6A2-629B-4318-8545-CDCEDA0B09B5}.Debug|x86.ActiveCfg = Debug|Win32
		{1AF6A6A2-629B-4318-8545-CDCEDA0B09B5}.Debug|x86.Build.0 = Debug|Win32
		{1AF6A6A2-629B-4318-8545-CDCEDA0B09B5}.Release|x64.ActiveCfg = Release|x64
		{1AF6A6A2-629B-4318-8545-CDCEDA0B09B5}.Release|x64.Build.0 = Release|x64
		{1AF6A6A2-629B-4318-8545-CDCEDA0B09B5}.Release|x86.ActiveCfg = Release|Win32
		{1AF6A6A2-629B-4318-8545-CDCEDA0B09B5}.Release|x86.Build.0 = Release|Win32
		{69179409-3C8B-4EED-A7AC-FE32E3917EC0}.Debug|x64.ActiveCfg = Debug|x64
		{69179409-3C8B-4EED-A7AC-FE32E3917EC0}.Debug|x64.Build.0 = Debug|x64
		{69179409-3C8B-4EED-A7AC-FE32E3917EC0}.Debug|x86.ActiveCfg = Debug|Win32
		{69179409-3C8B-4EED-A7AC-FE32E3917EC0}.Debug|x86.Build.0 = Debug|Win32
		{69179409-3C8B-4EED-A7AC-FE32E3917EC0}.Release|x64.ActiveCfg = Release|x64
		{69179409-3C8B-4EED-A7AC-FE32E3917EC0}.Release|x64.Build.0 = Release|x64
		{69179409-3C8B-4EED-A7AC-FE32E3917EC0}.Release|x86.ActiveCfg = Release|Win32
		{69179409-3C8B-4EED-A7AC-FE32E3917EC0}.Release|x86.Build.0 = Release|Win32
		{7368E7C8-A682-4825-90A5-5E0402B1BC72}.Debug|x64.ActiveCfg = Debug|x64
		{7368E7C8-A682-4825-90A5-5E0402B1BC72}.Debug|x64.Build.0 = Debug|x64
		{7368E7C8-A682-4825-90A5-5E0402B1BC72}.Debug|x86.ActiveCfg = Debug|Win32
		{7368E7C8-A682-4825-90A5-5E0402B1BC72}.Debug|x86.Build.0 = Debug|Win32
		{7368E7C8-A682-4825-90A5-5E0402B1BC72}.Release|x64.ActiveCfg = Release|x64
		{7368E7C8-A682-4825-90A5-5E0402B1BC72}.Release|x64.Build.0 = Release|x64
		{7368E7C8-A682-4825-90A5-5E0402B1BC72}.Release|x86.ActiveCfg = Release|Win32
		{7368E7C8-A682-4825-90A5-5E0402B1BC72}.Release|x86.Build.0 = Release|Win32
		{E404FBF0-FB99-4007-9F43-3A89A41B060B}.Debug|x64.ActiveCfg = Debug|x64
		{E404FBF0-FB99-4007-9F43-3A89A41B060B}.Debug|x64.Build.0 = Debug|x64
		{E404FBF0-FB99-4007-9F43-3A89A41B060B}.Debug|x86.ActiveCfg = Debug|Win32
		{E404FBF0-FB99-4007-9F43-3A89A41B060B}.Debug|x86.Build.0 = Debug|Win32
		{E404FBF0-FB99-4007-9F43-3A89A41B060B}.Release|x64.ActiveCfg = Release|x64
		{E404FBF0-FB99-4007-9F43-3A89A41B060B}.Release|x64.Build.0 = Release|x64
		{E404FBF0-FB99-4007-9F43-3A89A41B060B}.Release|x86.ActiveCfg = Release|Win32
		{E404FBF0-FB99-4007-9F43-3A89A41B060B}.Release|x86.Build.0 = Release|Win32
		{798FD6C1-5CA7-45EB-A52E-15F2B941B417}.Debug|x64.ActiveCfg = Debug|x64
		{798FD6C1-5CA7-45EB-A52E-15F2B941B417}.Debug|x64.Build.0 = Debug|x64
		{798FD6C1-5CA7-45EB-A52E-15F2B941B417}.Debug|x86.ActiveCfg = Debug|Win32
		{798FD6C1-5CA7-45EB-A52E-15F2B941B417}.Debug|x86.Build.0 = Debug|Win32
		{798FD6C1-5CA7-45EB-A52E-15F2B941B417}.Release|x64.ActiveCfg = Release|x64
		{798FD6C1-5CA7-45EB-A52E-15F2B941B417}.Release|x64.Build.0 = Release|x64
		{798FD6C1-5CA7-45EB-A52E-15F2B941B417}.Release|x86.ActiveCfg = Release|Win32
		{798FD6C1-5CA7-45EB-A52E-15F2B941B417}.Release|x86.Build.0 = Release|Win32
		{035CA3BA-1831-4225-941C-32C87B3F6226}.Debug|x64.ActiveCfg = Debug|x64
		{035CA3BA-1831-4225-941C-32C87B3F6226}.Debug|x64.Build.0 = Debug|x64
		{035CA3BA-1831-4225-941C-32C87B3F6226}.Debug|x86.ActiveCfg = Debug|Win32
		{035CA3BA-1831-4225-941C-32C87B3F6226}.Debug|x86.Build.0 = Debug|Win32
		{035CA3BA-1831-4225-941C-32C87B3F6226}.Release|x64.ActiveCfg = Release|x64
		{035CA3BA-1831-4225-941C-32C87B3F6226}.Release|x64.Build.0 = Release|x64
		{035CA3BA-1831-4225-941C-32C87B3F6226}.Release|x86.ActiveCfg = Release|Win32
		{035CA3BA-1831-4225-941C-32C87B3F6226}.Release|x86.Build.0 = Release|Win32
		{829305E4-4D42-46DB-A60A-957CF3D27868}.Debug|x64.ActiveCfg = Debug|x64
		{829305E4-4D42-46DB-A60A-957CF3D27868}.Debug|x64.Build.0 = Debug|x64
		{829305E4-4D42-46DB-A60A-957CF3D27868}.Debug|x86.ActiveCfg = Debug|Win32
		{829305E4-4D42-46DB-A60A-957CF3D27868}.Debug|x86.Build.0 = Debug|Win32
		{829305E4-4D42-46DB-A60A-957CF3D27868}.Release|x64.ActiveCfg = Release|x64
		{829305E4-4D42-46DB-A60A-957CF3D27868}.Release|x64.Build.0 = Release|x64
		{829305E4-4D42-46DB-A60A-957CF3D27868}.Release|x86.ActiveCfg = Release|Win32
		{829305E4-4D42-46DB-A60A-957CF3D27868}.Release|x86.Build.0 = Release|Win32
		{1B11CD71-56DF-4781-AC47-3BDA1DEA1D64}.Debug|x64.ActiveCfg = Debug|x64
		{1B11CD71-56DF-4781-AC47-3BDA1DEA1D64}.Debug|x64.Build.0 = Debug|x64
		{1B11CD71-56DF-4781-AC47-3BDA1DEA1D64}.Debug|x86.ActiveCfg = Debug|Win32
		{1B11CD71-56DF-4781-AC47-3BDA1DEA1D64}.Debug|x86.Build.0 = Debug|Win32
		{1B11CD71-56DF-4781-AC47-3BDA1DEA1D64}.Release|x64.ActiveCfg = Release|x64
		{1B11CD71-56DF-4781-AC47-3BDA1DEA1D64}.Release|x64.Build.0 = Release|x64
		{1B11CD71-56DF-4781-AC47-3BDA1DEA1D64}.Release|x86.ActiveCfg = Release|Win32
		{1B11CD71-56DF-4781-AC47-3BDA1DEA1D64}.Release|x86.Build.0 = Release|Win32
		{5A2BAC56-995B-480B-A413-2813E8712EEC}.Debug|x64.ActiveCfg = Debug|x64
		{5A2BAC56-995B-480B-A413-2813E8712EEC}.Debug|x64.Build.0 = Debug|x64
		{5A2BAC56-995B-480B-A413-2813E8712EEC}.Debug|x86.ActiveCfg = Debug|Win32
		{5A2BAC56-995B-480B-A413-2813E8712EEC}.Debug|x86.Build.0 = Debug|Win32
		{5A2BAC56-995B-480B-A413-2813E8712EEC}.Release|x64.ActiveCfg = Release|x64
		{5A2BAC56-995B-480B-A413-2813E8712EEC}.Release|x64.Build.0 = Release|x64
		{5A2BAC56-995B-480B-A413-2813E8712EEC}.Release|x86.ActiveCfg = Release|Win32
		{5A2BAC56-995B-480B-A413-2813E8712EEC}.Release|x86.Build.0 = Release|Win32
		{3E0BFA03-72B8-49A2-B8D8-04C83C2034BF}.Debug|x64.ActiveCfg = Debug|x64
		{3E0BFA03-72B8-49A2-B8D8-04C83C2034BF}.Debug|x64.Build.0 = Debug|x64
		{3E0BFA03-72B8-49A2-B8D8-04C83C2034BF}.Debug|x86.ActiveCfg = Debug|Win32
		{3E0BFA03-72B8-49A2-B8D8-04C83C2034BF}.Debug|x86.Build.0 = Debug|Win32
		{3E0BFA03-72B8-49A2-B8D8-04C83C2034BF}.Release|x64.ActiveCfg = Release|x64
		{3E0BFA03-72B8-49A2-B8D8-04C83C2034BF}.Release|x64.Build.0 = Release|x64
		{3E0BFA03-72B8-49A2-B8D8-04C83C2034BF}.Release|x86.ActiveCfg = Release|Win32
		{3E0BFA03-72B8-49A2-B8D8-04C83C2034BF}.Release|x86.Build.0 = Release|Win32
	EndGlobalSection
	GlobalSection(SolutionProperties) = preSolution
		HideSolutionNode = FALSE
	EndGlobalSection
	GlobalSection(ExtensibilityGlobals) = postSolution
		SolutionGuid = {29EC372D-A695-4188-A516-5C850DCBF081}
	EndGlobalSection
EndGlobal
